
Microsoft Visual Studio Solution File, Format Version 12.00
# Visual Studio Version 17
VisualStudioVersion = 17.13.35913.81 d17.13
MinimumVisualStudioVersion = 10.0.40219.1
Project("{FAE04EC0-301F-11D3-BF4B-00C04F79EFBC}") = "Method", "Method.csproj", "{023C4FAA-A50C-4117-9C43-3D977EE04B6D}"
EndProject
Global
	GlobalSection(SolutionConfigurationPlatforms) = preSolution
		Debug|Any CPU = Debug|Any CPU
		Release|Any CPU = Release|Any CPU
	EndGlobalSection
	GlobalSection(ProjectConfigurationPlatforms) = postSolution
		{023C4FAA-A50C-4117-9C43-3D977EE04B6D}.Debug|Any CPU.ActiveCfg = Debug|Any CPU
		{023C4FAA-A50C-4117-9C43-3D977EE04B6D}.Debug|Any CPU.Build.0 = Debug|Any CPU
		{023C4FAA-A50C-4117-9C43-3D977EE04B6D}.Release|Any CPU.ActiveCfg = Release|Any CPU
		{023C4FAA-A50C-4117-9C43-3D977EE04B6D}.Release|Any CPU.Build.0 = Release|Any CPU
	EndGlobalSection
	GlobalSection(SolutionProperties) = preSolution
		HideSolutionNode = FALSE
	EndGlobalSection
	GlobalSection(ExtensibilityGlobals) = postSolution
		SolutionGuid = {AFDDC217-6BDB-4986-858B-D5DFF1E17B4E}
	EndGlobalSection
EndGlobal
